
Microsoft Visual Studio Solution File, Format Version 12.00
# Visual Studio 15
VisualStudioVersion = 15.0.27703.2035
MinimumVisualStudioVersion = 10.0.40219.1
Project("{FAE04EC0-301F-11D3-BF4B-00C04F79EFBC}") = "ChatServerCore", "ChatServerCore\ChatServerCore.csproj", "{926EEDAF-CFDA-4003-998F-8491443FB751}"
EndProject
Project("{E53339B2-1760-4266-BCC7-CA923CBCF16C}") = "docker-compose", "docker-compose.dcproj", "{98F1F73C-097F-462A-A2DF-08FB4488CE58}"
EndProject
Project("{FAE04EC0-301F-11D3-BF4B-00C04F79EFBC}") = "ChatServerCore.Repository", "ChatServerCore.Repository\ChatServerCore.Repository.csproj", "{65783B13-6E85-4D45-84E7-A5CE4208A17F}"
EndProject
Global
	GlobalSection(SolutionConfigurationPlatforms) = preSolution
		Debug|Any CPU = Debug|Any CPU
		Release|Any CPU = Release|Any CPU
	EndGlobalSection
	GlobalSection(ProjectConfigurationPlatforms) = postSolution
		{926EEDAF-CFDA-4003-998F-8491443FB751}.Debug|Any CPU.ActiveCfg = Debug|Any CPU
		{926EEDAF-CFDA-4003-998F-8491443FB751}.Debug|Any CPU.Build.0 = Debug|Any CPU
		{926EEDAF-CFDA-4003-998F-8491443FB751}.Release|Any CPU.ActiveCfg = Release|Any CPU
		{926EEDAF-CFDA-4003-998F-8491443FB751}.Release|Any CPU.Build.0 = Release|Any CPU
		{98F1F73C-097F-462A-A2DF-08FB4488CE58}.Debug|Any CPU.ActiveCfg = Debug|Any CPU
		{98F1F73C-097F-462A-A2DF-08FB4488CE58}.Debug|Any CPU.Build.0 = Debug|Any CPU
		{98F1F73C-097F-462A-A2DF-08FB4488CE58}.Release|Any CPU.ActiveCfg = Release|Any CPU
		{98F1F73C-097F-462A-A2DF-08FB4488CE58}.Release|Any CPU.Build.0 = Release|Any CPU
		{65783B13-6E85-4D45-84E7-A5CE4208A17F}.Debug|Any CPU.ActiveCfg = Debug|Any CPU
		{65783B13-6E85-4D45-84E7-A5CE4208A17F}.Debug|Any CPU.Build.0 = Debug|Any CPU
		{65783B13-6E85-4D45-84E7-A5CE4208A17F}.Release|Any CPU.ActiveCfg = Release|Any CPU
		{65783B13-6E85-4D45-84E7-A5CE4208A17F}.Release|Any CPU.Build.0 = Release|Any CPU
	EndGlobalSection
	GlobalSection(SolutionProperties) = preSolution
		HideSolutionNode = FALSE
	EndGlobalSection
	GlobalSection(ExtensibilityGlobals) = postSolution
		SolutionGuid = {4111AC83-5011-4B5D-9471-00334CCFE74B}
	EndGlobalSection
EndGlobal
